
Microsoft Visual Studio Solution File, Format Version 12.00
# Visual Studio 15
VisualStudioVersion = 15.0.28307.329
MinimumVisualStudioVersion = 10.0.40219.1
Project("{FAE04EC0-301F-11D3-BF4B-00C04F79EFBC}") = "SISBlog", "SISBlog\SISBlog.csproj", "{9C09E161-32EB-418F-8B9F-EFC0FC91EBFC}"
EndProject
Project("{FAE04EC0-301F-11D3-BF4B-00C04F79EFBC}") = "CapaNegocio", "CapaNegocio\CapaNegocio.csproj", "{372160A5-D575-408B-8959-D4D97DA02D0D}"
EndProject
Project("{FAE04EC0-301F-11D3-BF4B-00C04F79EFBC}") = "CapaDatos", "CapaDatos\CapaDatos.csproj", "{04F51790-8777-4694-B37E-8432EC192DF5}"
EndProject
Global
	GlobalSection(SolutionConfigurationPlatforms) = preSolution
		Debug|Any CPU = Debug|Any CPU
		Release|Any CPU = Release|Any CPU
	EndGlobalSection
	GlobalSection(ProjectConfigurationPlatforms) = postSolution
		{9C09E161-32EB-418F-8B9F-EFC0FC91EBFC}.Debug|Any CPU.ActiveCfg = Debug|Any CPU
		{9C09E161-32EB-418F-8B9F-EFC0FC91EBFC}.Debug|Any CPU.Build.0 = Debug|Any CPU
		{9C09E161-32EB-418F-8B9F-EFC0FC91EBFC}.Release|Any CPU.ActiveCfg = Release|Any CPU
		{9C09E161-32EB-418F-8B9F-EFC0FC91EBFC}.Release|Any CPU.Build.0 = Release|Any CPU
		{372160A5-D575-408B-8959-D4D97DA02D0D}.Debug|Any CPU.ActiveCfg = Debug|Any CPU
		{372160A5-D575-408B-8959-D4D97DA02D0D}.Debug|Any CPU.Build.0 = Debug|Any CPU
		{372160A5-D575-408B-8959-D4D97DA02D0D}.Release|Any CPU.ActiveCfg = Release|Any CPU
		{372160A5-D575-408B-8959-D4D97DA02D0D}.Release|Any CPU.Build.0 = Release|Any CPU
		{04F51790-8777-4694-B37E-8432EC192DF5}.Debug|Any CPU.ActiveCfg = Debug|Any CPU
		{04F51790-8777-4694-B37E-8432EC192DF5}.Debug|Any CPU.Build.0 = Debug|Any CPU
		{04F51790-8777-4694-B37E-8432EC192DF5}.Release|Any CPU.ActiveCfg = Release|Any CPU
		{04F51790-8777-4694-B37E-8432EC192DF5}.Release|Any CPU.Build.0 = Release|Any CPU
	EndGlobalSection
	GlobalSection(SolutionProperties) = preSolution
		HideSolutionNode = FALSE
	EndGlobalSection
	GlobalSection(ExtensibilityGlobals) = postSolution
		SolutionGuid = {EB932B72-04BC-4FFE-B814-4CF1E4578DC0}
	EndGlobalSection
EndGlobal
